
Microsoft Visual Studio Solution File, Format Version 12.00
# Visual Studio Version 17
VisualStudioVersion = 17.8.34309.116
MinimumVisualStudioVersion = 10.0.40219.1
Project("{FAE04EC0-301F-11D3-BF4B-00C04F79EFBC}") = "Demo", "Demo.csproj", "{7C0AB894-713A-4968-A703-7588DE9256EE}"
EndProject
Project("{2150E333-8FDC-42A3-9474-1A3956D46DE8}") = "Solution Items", "Solution Items", "{3D430D8D-693C-4C4E-85CA-A0F732D7FD4C}"
	ProjectSection(SolutionItems) = preProject
		publish.bat = publish.bat
	EndProjectSection
EndProject
Global
	GlobalSection(SolutionConfigurationPlatforms) = preSolution
		Debug|Any CPU = Debug|Any CPU
		Release|Any CPU = Release|Any CPU
	EndGlobalSection
	GlobalSection(ProjectConfigurationPlatforms) = postSolution
		{7C0AB894-713A-4968-A703-7588DE9256EE}.Debug|Any CPU.ActiveCfg = Debug|Any CPU
		{7C0AB894-713A-4968-A703-7588DE9256EE}.Debug|Any CPU.Build.0 = Debug|Any CPU
		{7C0AB894-713A-4968-A703-7588DE9256EE}.Release|Any CPU.ActiveCfg = Release|Any CPU
		{7C0AB894-713A-4968-A703-7588DE9256EE}.Release|Any CPU.Build.0 = Release|Any CPU
	EndGlobalSection
	GlobalSection(SolutionProperties) = preSolution
		HideSolutionNode = FALSE
	EndGlobalSection
	GlobalSection(ExtensibilityGlobals) = postSolution
		SolutionGuid = {45509BB6-3276-4B1E-B7FF-2A86A404BE51}
	EndGlobalSection
EndGlobal
